{
  "requires": true,
  "lockfileVersion": 1,
  "dependencies": {
    "@babel/runtime": {
      "version": "7.15.4",
      "resolved": "https://registry.nlark.com/@babel/runtime/download/@babel/runtime-7.15.4.tgz?cache=0&sync_timestamp=1630618914695&other_urls=https%3A%2F%2Fregistry.nlark.com%2F%40babel%2Fruntime%2Fdownload%2F%40babel%2Fruntime-7.15.4.tgz",
      "integrity": "sha1-/RfRa/34eObdAtGXU6OfqKjZyEo=",
      "requires": {
        "regenerator-runtime": "^0.13.4"
      }
    },
    "@jiaminghi/bezier-curve": {
      "version": "0.0.9",
      "resolved": "https://registry.nlark.com/@jiaminghi/bezier-curve/download/@jiaminghi/bezier-curve-0.0.9.tgz",
      "integrity": "sha1-UZasqTyLBhphK0w+q87flJDO9u4=",
      "requires": {
        "@babel/runtime": "^7.5.5"
      }
    },
    "@jiaminghi/c-render": {
      "version": "0.4.3",
      "resolved": "https://registry.nlark.com/@jiaminghi/c-render/download/@jiaminghi/c-render-0.4.3.tgz?cache=0&sync_timestamp=1621079444720&other_urls=https%3A%2F%2Fregistry.nlark.com%2F%40jiaminghi%2Fc-render%2Fdownload%2F%40jiaminghi%2Fc-render-0.4.3.tgz",
      "integrity": "sha1-mC69j3G0Q7uVB4NCJ4NJc+vZttg=",
      "requires": {
        "@babel/runtime": "^7.5.5",
        "@jiaminghi/bezier-curve": "*",
        "@jiaminghi/color": "*",
        "@jiaminghi/transition": "*"
      }
    },
    "@jiaminghi/charts": {
      "version": "0.2.18",
      "resolved": "https://registry.npm.taobao.org/@jiaminghi/charts/download/@jiaminghi/charts-0.2.18.tgz",
      "integrity": "sha1-Y97ZUgB4n8Gh/QS3/Z5W9Y0i2Q8=",
      "requires": {
        "@babel/runtime": "^7.5.5",
        "@jiaminghi/c-render": "^0.4.3"
      }
    },
    "@jiaminghi/color": {
      "version": "0.1.1",
      "resolved": "https://registry.npm.taobao.org/@jiaminghi/color/download/@jiaminghi/color-0.1.1.tgz",
      "integrity": "sha1-vd+QEt/OaYLTgpqYP/65Hundp7Y=",
      "requires": {
        "@babel/runtime": "^7.5.5"
      }
    },
    "@jiaminghi/data-view": {
      "version": "2.10.0",
      "resolved": "https://registry.npm.taobao.org/@jiaminghi/data-view/download/@jiaminghi/data-view-2.10.0.tgz",
      "integrity": "sha1-IUbY/HG58kvoCCOMoFDdt6TIlJ8=",
      "requires": {
        "@babel/runtime": "^7.5.5",
        "@jiaminghi/charts": "*"
      }
    },
    "@jiaminghi/transition": {
      "version": "1.1.11",
      "resolved": "https://registry.npm.taobao.org/@jiaminghi/transition/download/@jiaminghi/transition-1.1.11.tgz",
      "integrity": "sha1-V22K8JJDSzQgHrpersx53TPIrYw=",
      "requires": {
        "@babel/runtime": "^7.5.5"
      }
    },
    "echarts": {
      "version": "5.2.0",
      "resolved": "https://registry.nlark.com/echarts/download/echarts-5.2.0.tgz?cache=0&sync_timestamp=1630472157165&other_urls=https%3A%2F%2Fregistry.nlark.com%2Fecharts%2Fdownload%2Fecharts-5.2.0.tgz",
      "integrity": "sha1-nx+/vwSMFatjC/CnRSXExTTWzrw=",
      "requires": {
        "tslib": "2.3.0",
        "zrender": "5.2.0"
      }
    },
    "regenerator-runtime": {
      "version": "0.13.9",
      "resolved": "https://registry.nlark.com/regenerator-runtime/download/regenerator-runtime-0.13.9.tgz?cache=0&other_urls=https%3A%2F%2Fregistry.nlark.com%2Fregenerator-runtime%2Fdownload%2Fregenerator-runtime-0.13.9.tgz",
      "integrity": "sha1-iSV0Kpj/2QgUmI11Zq0wyjsmO1I="
    },
    "tslib": {
      "version": "2.3.0",
      "resolved": "https://registry.nlark.com/tslib/download/tslib-2.3.0.tgz",
      "integrity": "sha1-gDuM2rPhK6WBpMpByIObuw2ssJ4="
    },
    "zrender": {
      "version": "5.2.0",
      "resolved": "https://registry.nlark.com/zrender/download/zrender-5.2.0.tgz?cache=0&sync_timestamp=1630140908990&other_urls=https%3A%2F%2Fregistry.nlark.com%2Fzrender%2Fdownload%2Fzrender-5.2.0.tgz",
      "integrity": "sha1-+KvEhKxKilGwTDzNN76r4d7zQs0=",
      "requires": {
        "tslib": "2.3.0"
      }
    }
  }
}
